
Microsoft Visual Studio Solution File, Format Version 11.00
# Visual Studio 2010
Project("{8BC9CEB8-8B4A-11D0-8D11-00A0C91BC942}") = "DesignPatternCpp", "DesignPatternCpp\DesignPatternCpp.vcxproj", "{441246E9-6C5A-40F0-89E9-15933797611B}"
EndProject
Global
	GlobalSection(SolutionConfigurationPlatforms) = preSolution
		Debug|Win32 = Debug|Win32
		Release|Win32 = Release|Win32
	EndGlobalSection
	GlobalSection(ProjectConfigurationPlatforms) = postSolution
		{441246E9-6C5A-40F0-89E9-15933797611B}.Debug|Win32.ActiveCfg = Debug|Win32
		{441246E9-6C5A-40F0-89E9-15933797611B}.Debug|Win32.Build.0 = Debug|Win32
		{441246E9-6C5A-40F0-89E9-15933797611B}.Release|Win32.ActiveCfg = Release|Win32
		{441246E9-6C5A-40F0-89E9-15933797611B}.Release|Win32.Build.0 = Release|Win32
	EndGlobalSection
	GlobalSection(SolutionProperties) = preSolution
		HideSolutionNode = FALSE
	EndGlobalSection
EndGlobal
